
Microsoft Visual Studio Solution File, Format Version 12.00
# Visual Studio Version 17
VisualStudioVersion = 17.9.34902.65
MinimumVisualStudioVersion = 10.0.40219.1
Project("{FAE04EC0-301F-11D3-BF4B-00C04F79EFBC}") = "LeaveManagement-6", "LeaveManagement-6\LeaveManagement-6.csproj", "{B1E85212-233B-4477-9782-3918056CF703}"
EndProject
Global
	GlobalSection(SolutionConfigurationPlatforms) = preSolution
		Debug|Any CPU = Debug|Any CPU
		Release|Any CPU = Release|Any CPU
	EndGlobalSection
	GlobalSection(ProjectConfigurationPlatforms) = postSolution
		{B1E85212-233B-4477-9782-3918056CF703}.Debug|Any CPU.ActiveCfg = Debug|Any CPU
		{B1E85212-233B-4477-9782-3918056CF703}.Debug|Any CPU.Build.0 = Debug|Any CPU
		{B1E85212-233B-4477-9782-3918056CF703}.Release|Any CPU.ActiveCfg = Release|Any CPU
		{B1E85212-233B-4477-9782-3918056CF703}.Release|Any CPU.Build.0 = Release|Any CPU
	EndGlobalSection
	GlobalSection(SolutionProperties) = preSolution
		HideSolutionNode = FALSE
	EndGlobalSection
	GlobalSection(ExtensibilityGlobals) = postSolution
		SolutionGuid = {983F1589-9806-468C-A9F0-47743F158EDB}
	EndGlobalSection
EndGlobal
